
Microsoft Visual Studio Solution File, Format Version 12.00
# Visual Studio 15
VisualStudioVersion = 15.0.27428.2043
MinimumVisualStudioVersion = 10.0.40219.1
Project("{FAE04EC0-301F-11D3-BF4B-00C04F79EFBC}") = "PhysicalManual", "PhysicalManual\PhysicalManual.csproj", "{ED7248DC-89C3-4197-AABE-D5DEC002E1C3}"
EndProject
Global
	GlobalSection(SolutionConfigurationPlatforms) = preSolution
		Debug|Any CPU = Debug|Any CPU
		Release|Any CPU = Release|Any CPU
	EndGlobalSection
	GlobalSection(ProjectConfigurationPlatforms) = postSolution
		{ED7248DC-89C3-4197-AABE-D5DEC002E1C3}.Debug|Any CPU.ActiveCfg = Debug|Any CPU
		{ED7248DC-89C3-4197-AABE-D5DEC002E1C3}.Debug|Any CPU.Build.0 = Debug|Any CPU
		{ED7248DC-89C3-4197-AABE-D5DEC002E1C3}.Debug|Any CPU.Deploy.0 = Debug|Any CPU
		{ED7248DC-89C3-4197-AABE-D5DEC002E1C3}.Release|Any CPU.ActiveCfg = Release|Any CPU
		{ED7248DC-89C3-4197-AABE-D5DEC002E1C3}.Release|Any CPU.Build.0 = Release|Any CPU
		{ED7248DC-89C3-4197-AABE-D5DEC002E1C3}.Release|Any CPU.Deploy.0 = Release|Any CPU
	EndGlobalSection
	GlobalSection(SolutionProperties) = preSolution
		HideSolutionNode = FALSE
	EndGlobalSection
	GlobalSection(ExtensibilityGlobals) = postSolution
		SolutionGuid = {7BDE1504-9B49-420F-9B08-9279361FEE9C}
	EndGlobalSection
EndGlobal
